// !$*UTF8*$!
{
	archiveVersion = 1;
	classes = {
	};
	objectVersion = 46;
	objects = {

/* Begin PBXBuildFile section */
		D943FD8A1B45C19A00539DB7 /* main.m in Sources */ = {isa = PBXBuildFile; fileRef = D943FD891B45C19A00539DB7 /* main.m */; };
		D943FD8D1B45C19A00539DB7 /* AppDelegate.m in Sources */ = {isa = PBXBuildFile; fileRef = D943FD8C1B45C19A00539DB7 /* AppDelegate.m */; };
		D943FD901B45C19A00539DB7 /* FirstViewController.m in Sources */ = {isa = PBXBuildFile; fileRef = D943FD8F1B45C19A00539DB7 /* FirstViewController.m */; };
		D943FD931B45C19A00539DB7 /* SecondViewController.m in Sources */ = {isa = PBXBuildFile; fileRef = D943FD921B45C19A00539DB7 /* SecondViewController.m */; };
		D943FD961B45C19A00539DB7 /* Main.storyboard in Resources */ = {isa = PBXBuildFile; fileRef = D943FD941B45C19A00539DB7 /* Main.storyboard */; };
		D943FD981B45C19A00539DB7 /* Images.xcassets in Resources */ = {isa = PBXBuildFile; fileRef = D943FD971B45C19A00539DB7 /* Images.xcassets */; };
		D943FD9B1B45C19A00539DB7 /* LaunchScreen.xib in Resources */ = {isa = PBXBuildFile; fileRef = D943FD991B45C19A00539DB7 /* LaunchScreen.xib */; };
		D943FDA71B45C19A00539DB7 /* PixoThreeTabViewXcodeProjectTests.m in Sources */ = {isa = PBXBuildFile; fileRef = D943FDA61B45C19A00539DB7 /* PixoThreeTabViewXcodeProjectTests.m */; };
/* End PBXBuildFile section */

/* Begin PBXContainerItemProxy section */
		D943FDA11B45C19A00539DB7 /* PBXContainerItemProxy */ = {
			isa = PBXContainerItemProxy;
			containerPortal = D943FD7C1B45C19A00539DB7 /* Project object */;
			proxyType = 1;
			remoteGlobalIDString = D943FD831B45C19A00539DB7;
			remoteInfo = PixoThreeTabViewXcodeProject;
		};
/* End PBXContainerItemProxy section */

/* Begin PBXFileReference section */
		D943FD841B45C19A00539DB7 /* PixoThreeTabViewXcodeProject.app */ = {isa = PBXFileReference; explicitFileType = wrapper.application; includeInIndex = 0; path = PixoThreeTabViewXcodeProject.app; sourceTree = BUILT_PRODUCTS_DIR; };
		D943FD881B45C19A00539DB7 /* Info.plist */ = {isa = PBXFileReference; lastKnownFileType = text.plist.xml; path = Info.plist; sourceTree = "<group>"; };
		D943FD891B45C19A00539DB7 /* main.m */ = {isa = PBXFileReference; lastKnownFileType = sourcecode.c.objc; path = main.m; sourceTree = "<group>"; };
		D943FD8B1B45C19A00539DB7 /* AppDelegate.h */ = {isa = PBXFileReference; lastKnownFileType = sourcecode.c.h; path = AppDelegate.h; sourceTree = "<group>"; };
		D943FD8C1B45C19A00539DB7 /* AppDelegate.m */ = {isa = PBXFileReference; lastKnownFileType = sourcecode.c.objc; path = AppDelegate.m; sourceTree = "<group>"; };
		D943FD8E1B45C19A00539DB7 /* FirstViewController.h */ = {isa = PBXFileReference; lastKnownFileType = sourcecode.c.h; path = FirstViewController.h; sourceTree = "<group>"; };
		D943FD8F1B45C19A00539DB7 /* FirstViewController.m */ = {isa = PBXFileReference; lastKnownFileType = sourcecode.c.objc; path = FirstViewController.m; sourceTree = "<group>"; };
		D943FD911B45C19A00539DB7 /* SecondViewController.h */ = {isa = PBXFileReference; lastKnownFileType = sourcecode.c.h; path = SecondViewController.h; sourceTree = "<group>"; };
		D943FD921B45C19A00539DB7 /* SecondViewController.m */ = {isa = PBXFileReference; lastKnownFileType = sourcecode.c.objc; path = SecondViewController.m; sourceTree = "<group>"; };
		D943FD951B45C19A00539DB7 /* Base */ = {isa = PBXFileReference; lastKnownFileType = file.storyboard; name = Base; path = Base.lproj/Main.storyboard; sourceTree = "<group>"; };
		D943FD971B45C19A00539DB7 /* Images.xcassets */ = {isa = PBXFileReference; lastKnownFileType = folder.assetcatalog; path = Images.xcassets; sourceTree = "<group>"; };
		D943FD9A1B45C19A00539DB7 /* Base */ = {isa = PBXFileReference; lastKnownFileType = file.xib; name = Base; path = Base.lproj/LaunchScreen.xib; sourceTree = "<group>"; };
		D943FDA01B45C19A00539DB7 /* PixoThreeTabViewXcodeProjectTests.xctest */ = {isa = PBXFileReference; explicitFileType = wrapper.cfbundle; includeInIndex = 0; path = PixoThreeTabViewXcodeProjectTests.xctest; sourceTree = BUILT_PRODUCTS_DIR; };
		D943FDA51B45C19A00539DB7 /* Info.plist */ = {isa = PBXFileReference; lastKnownFileType = text.plist.xml; path = Info.plist; sourceTree = "<group>"; };
		D943FDA61B45C19A00539DB7 /* PixoThreeTabViewXcodeProjectTests.m */ = {isa = PBXFileReference; lastKnownFileType = sourcecode.c.objc; path = PixoThreeTabViewXcodeProjectTests.m; sourceTree = "<group>"; };
/* End PBXFileReference section */

/* Begin PBXFrameworksBuildPhase section */
		D943FD811B45C19A00539DB7 /* Frameworks */ = {
			isa = PBXFrameworksBuildPhase;
			buildActionMask = 2147483647;
			files = (
			);
			runOnlyForDeploymentPostprocessing = 0;
		};
		D943FD9D1B45C19A00539DB7 /* Frameworks */ = {
			isa = PBXFrameworksBuildPhase;
			buildActionMask = 2147483647;
			files = (
			);
			runOnlyForDeploymentPostprocessing = 0;
		};
/* End PBXFrameworksBuildPhase section */

/* Begin PBXGroup section */
		D943FD7B1B45C19A00539DB7 = {
			isa = PBXGroup;
			children = (
				D943FD861B45C19A00539DB7 /* PixoThreeTabViewXcodeProject */,
				D943FDA31B45C19A00539DB7 /* PixoThreeTabViewXcodeProjectTests */,
				D943FD851B45C19A00539DB7 /* Products */,
			);
			sourceTree = "<group>";
		};
		D943FD851B45C19A00539DB7 /* Products */ = {
			isa = PBXGroup;
			children = (
				D943FD841B45C19A00539DB7 /* PixoThreeTabViewXcodeProject.app */,
				D943FDA01B45C19A00539DB7 /* PixoThreeTabViewXcodeProjectTests.xctest */,
			);
			name = Products;
			sourceTree = "<group>";
		};
		D943FD861B45C19A00539DB7 /* PixoThreeTabViewXcodeProject */ = {
			isa = PBXGroup;
			children = (
				D943FD8B1B45C19A00539DB7 /* AppDelegate.h */,
				D943FD8C1B45C19A00539DB7 /* AppDelegate.m */,
				D943FD8E1B45C19A00539DB7 /* FirstViewController.h */,
				D943FD8F1B45C19A00539DB7 /* FirstViewController.m */,
				D943FD911B45C19A00539DB7 /* SecondViewController.h */,
				D943FD921B45C19A00539DB7 /* SecondViewController.m */,
				D943FD941B45C19A00539DB7 /* Main.storyboard */,
				D943FD971B45C19A00539DB7 /* Images.xcassets */,
				D943FD991B45C19A00539DB7 /* LaunchScreen.xib */,
				D943FD871B45C19A00539DB7 /* Supporting Files */,
			);
			path = PixoThreeTabViewXcodeProject;
			sourceTree = "<group>";
		};
		D943FD871B45C19A00539DB7 /* Supporting Files */ = {
			isa = PBXGroup;
			children = (
				D943FD881B45C19A00539DB7 /* Info.plist */,
				D943FD891B45C19A00539DB7 /* main.m */,
			);
			name = "Supporting Files";
			sourceTree = "<group>";
		};
		D943FDA31B45C19A00539DB7 /* PixoThreeTabViewXcodeProjectTests */ = {
			isa = PBXGroup;
			children = (
				D943FDA61B45C19A00539DB7 /* PixoThreeTabViewXcodeProjectTests.m */,
				D943FDA41B45C19A00539DB7 /* Supporting Files */,
			);
			path = PixoThreeTabViewXcodeProjectTests;
			sourceTree = "<group>";
		};
		D943FDA41B45C19A00539DB7 /* Supporting Files */ = {
			isa = PBXGroup;
			children = (
				D943FDA51B45C19A00539DB7 /* Info.plist */,
			);
			name = "Supporting Files";
			sourceTree = "<group>";
		};
/* End PBXGroup section */

/* Begin PBXNativeTarget section */
		D943FD831B45C19A00539DB7 /* PixoThreeTabViewXcodeProject */ = {
			isa = PBXNativeTarget;
			buildConfigurationList = D943FDAA1B45C19A00539DB7 /* Build configuration list for PBXNativeTarget "PixoThreeTabViewXcodeProject" */;
			buildPhases = (
				D943FD801B45C19A00539DB7 /* Sources */,
				D943FD811B45C19A00539DB7 /* Frameworks */,
				D943FD821B45C19A00539DB7 /* Resources */,
			);
			buildRules = (
			);
			dependencies = (
			);
			name = PixoThreeTabViewXcodeProject;
			productName = PixoThreeTabViewXcodeProject;
			productReference = D943FD841B45C19A00539DB7 /* PixoThreeTabViewXcodeProject.app */;
			productType = "com.apple.product-type.application";
		};
		D943FD9F1B45C19A00539DB7 /* PixoThreeTabViewXcodeProjectTests */ = {
			isa = PBXNativeTarget;
			buildConfigurationList = D943FDAD1B45C19A00539DB7 /* Build configuration list for PBXNativeTarget "PixoThreeTabViewXcodeProjectTests" */;
			buildPhases = (
				D943FD9C1B45C19A00539DB7 /* Sources */,
				D943FD9D1B45C19A00539DB7 /* Frameworks */,
				D943FD9E1B45C19A00539DB7 /* Resources */,
			);
			buildRules = (
			);
			dependencies = (
				D943FDA21B45C19A00539DB7 /* PBXTargetDependency */,
			);
			name = PixoThreeTabViewXcodeProjectTests;
			productName = PixoThreeTabViewXcodeProjectTests;
			productReference = D943FDA01B45C19A00539DB7 /* PixoThreeTabViewXcodeProjectTests.xctest */;
			productType = "com.apple.product-type.bundle.unit-test";
		};
/* End PBXNativeTarget section */

/* Begin PBXProject section */
		D943FD7C1B45C19A00539DB7 /* Project object */ = {
			isa = PBXProject;
			attributes = {
				LastUpgradeCheck = 0630;
				ORGANIZATIONNAME = "Michael Kucinski";
				TargetAttributes = {
					D943FD831B45C19A00539DB7 = {
						CreatedOnToolsVersion = 6.3.1;
					};
					D943FD9F1B45C19A00539DB7 = {
						CreatedOnToolsVersion = 6.3.1;
						TestTargetID = D943FD831B45C19A00539DB7;
					};
				};
			};
			buildConfigurationList = D943FD7F1B45C19A00539DB7 /* Build configuration list for PBXProject "PixoThreeTabViewXcodeProject" */;
			compatibilityVersion = "Xcode 3.2";
			developmentRegion = English;
			hasScannedForEncodings = 0;
			knownRegions = (
				en,
				Base,
			);
			mainGroup = D943FD7B1B45C19A00539DB7;
			productRefGroup = D943FD851B45C19A00539DB7 /* Products */;
			projectDirPath = "";
			projectRoot = "";
			targets = (
				D943FD831B45C19A00539DB7 /* PixoThreeTabViewXcodeProject */,
				D943FD9F1B45C19A00539DB7 /* PixoThreeTabViewXcodeProjectTests */,
			);
		};
/* End PBXProject section */

/* Begin PBXResourcesBuildPhase section */
		D943FD821B45C19A00539DB7 /* Resources */ = {
			isa = PBXResourcesBuildPhase;
			buildActionMask = 2147483647;
			files = (
				D943FD961B45C19A00539DB7 /* Main.storyboard in Resources */,
				D943FD9B1B45C19A00539DB7 /* LaunchScreen.xib in Resources */,
				D943FD981B45C19A00539DB7 /* Images.xcassets in Resources */,
			);
			runOnlyForDeploymentPostprocessing = 0;
		};
		D943FD9E1B45C19A00539DB7 /* Resources */ = {
			isa = PBXResourcesBuildPhase;
			buildActionMask = 2147483647;
			files = (
			);
			runOnlyForDeploymentPostprocessing = 0;
		};
/* End PBXResourcesBuildPhase section */

/* Begin PBXSourcesBuildPhase section */
		D943FD801B45C19A00539DB7 /* Sources */ = {
			isa = PBXSourcesBuildPhase;
			buildActionMask = 2147483647;
			files = (
				D943FD931B45C19A00539DB7 /* SecondViewController.m in Sources */,
				D943FD8D1B45C19A00539DB7 /* AppDelegate.m in Sources */,
				D943FD901B45C19A00539DB7 /* FirstViewController.m in Sources */,
				D943FD8A1B45C19A00539DB7 /* main.m in Sources */,
			);
			runOnlyForDeploymentPostprocessing = 0;
		};
		D943FD9C1B45C19A00539DB7 /* Sources */ = {
			isa = PBXSourcesBuildPhase;
			buildActionMask = 2147483647;
			files = (
				D943FDA71B45C19A00539DB7 /* PixoThreeTabViewXcodeProjectTests.m in Sources */,
			);
			runOnlyForDeploymentPostprocessing = 0;
		};
/* End PBXSourcesBuildPhase section */

/* Begin PBXTargetDependency section */
		D943FDA21B45C19A00539DB7 /* PBXTargetDependency */ = {
			isa = PBXTargetDependency;
			target = D943FD831B45C19A00539DB7 /* PixoThreeTabViewXcodeProject */;
			targetProxy = D943FDA11B45C19A00539DB7 /* PBXContainerItemProxy */;
		};
/* End PBXTargetDependency section */

/* Begin PBXVariantGroup section */
		D943FD941B45C19A00539DB7 /* Main.storyboard */ = {
			isa = PBXVariantGroup;
			children = (
				D943FD951B45C19A00539DB7 /* Base */,
			);
			name = Main.storyboard;
			sourceTree = "<group>";
		};
		D943FD991B45C19A00539DB7 /* LaunchScreen.xib */ = {
			isa = PBXVariantGroup;
			children = (
				D943FD9A1B45C19A00539DB7 /* Base */,
			);
			name = LaunchScreen.xib;
			sourceTree = "<group>";
		};
/* End PBXVariantGroup section */

/* Begin XCBuildConfiguration section */
		D943FDA81B45C19A00539DB7 /* Debug */ = {
			isa = XCBuildConfiguration;
			buildSettings = {
				ALWAYS_SEARCH_USER_PATHS = NO;
				CLANG_CXX_LANGUAGE_STANDARD = "gnu++0x";
				CLANG_CXX_LIBRARY = "libc++";
				CLANG_ENABLE_MODULES = YES;
				CLANG_ENABLE_OBJC_ARC = YES;
				CLANG_WARN_BOOL_CONVERSION = YES;
				CLANG_WARN_CONSTANT_CONVERSION = YES;
				CLANG_WARN_DIRECT_OBJC_ISA_USAGE = YES_ERROR;
				CLANG_WARN_EMPTY_BODY = YES;
				CLANG_WARN_ENUM_CONVERSION = YES;
				CLANG_WARN_INT_CONVERSION = YES;
				CLANG_WARN_OBJC_ROOT_CLASS = YES_ERROR;
				CLANG_WARN_UNREACHABLE_CODE = YES;
				CLANG_WARN__DUPLICATE_METHOD_MATCH = YES;
				"CODE_SIGN_IDENTITY[sdk=iphoneos*]" = "iPhone Developer";
				COPY_PHASE_STRIP = NO;
				DEBUG_INFORMATION_FORMAT = "dwarf-with-dsym";
				ENABLE_STRICT_OBJC_MSGSEND = YES;
				GCC_C_LANGUAGE_STANDARD = gnu99;
				GCC_DYNAMIC_NO_PIC = NO;
				GCC_NO_COMMON_BLOCKS = YES;
				GCC_OPTIMIZATION_LEVEL = 0;
				GCC_PREPROCESSOR_DEFINITIONS = (
					"DEBUG=1",
					"$(inherited)",
				);
				GCC_SYMBOLS_PRIVATE_EXTERN = NO;
				GCC_WARN_64_TO_32_BIT_CONVERSION = YES;
				GCC_WARN_ABOUT_RETURN_TYPE = YES_ERROR;
				GCC_WARN_UNDECLARED_SELECTOR = YES;
				GCC_WARN_UNINITIALIZED_AUTOS = YES_AGGRESSIVE;
				GCC_WARN_UNUSED_FUNCTION = YES;
				GCC_WARN_UNUSED_VARIABLE = YES;
				IPHONEOS_DEPLOYMENT_TARGET = 8.3;
				MTL_ENABLE_DEBUG_INFO = YES;
				ONLY_ACTIVE_ARCH = YES;
				SDKROOT = iphoneos;
				TARGETED_DEVICE_FAMILY = "1,2";
			};
			name = Debug;
		};
		D943FDA91B45C19A00539DB7 /* Release */ = {
			isa = XCBuildConfiguration;
			buildSettings = {
				ALWAYS_SEARCH_USER_PATHS = NO;
				CLANG_CXX_LANGUAGE_STANDARD = "gnu++0x";
				CLANG_CXX_LIBRARY = "libc++";
				CLANG_ENABLE_MODULES = YES;
				CLANG_ENABLE_OBJC_ARC = YES;
				CLANG_WARN_BOOL_CONVERSION = YES;
				CLANG_WARN_CONSTANT_CONVERSION = YES;
				CLANG_WARN_DIRECT_OBJC_ISA_USAGE = YES_ERROR;
				CLANG_WARN_EMPTY_BODY = YES;
				CLANG_WARN_ENUM_CONVERSION = YES;
				CLANG_WARN_INT_CONVERSION = YES;
				CLANG_WARN_OBJC_ROOT_CLASS = YES_ERROR;
				CLANG_WARN_UNREACHABLE_CODE = YES;
				CLANG_WARN__DUPLICATE_METHOD_MATCH = YES;
				"CODE_SIGN_IDENTITY[sdk=iphoneos*]" = "iPhone Developer";
				COPY_PHASE_STRIP = NO;
				DEBUG_INFORMATION_FORMAT = "dwarf-with-dsym";
				ENABLE_NS_ASSERTIONS = NO;
				ENABLE_STRICT_OBJC_MSGSEND = YES;
				GCC_C_LANGUAGE_STANDARD = gnu99;
				GCC_NO_COMMON_BLOCKS = YES;
				GCC_WARN_64_TO_32_BIT_CONVERSION = YES;
				GCC_WARN_ABOUT_RETURN_TYPE = YES_ERROR;
				GCC_WARN_UNDECLARED_SELECTOR = YES;
				GCC_WARN_UNINITIALIZED_AUTOS = YES_AGGRESSIVE;
				GCC_WARN_UNUSED_FUNCTION = YES;
				GCC_WARN_UNUSED_VARIABLE = YES;
				IPHONEOS_DEPLOYMENT_TARGET = 8.3;
				MTL_ENABLE_DEBUG_INFO = NO;
				SDKROOT = iphoneos;
				TARGETED_DEVICE_FAMILY = "1,2";
				VALIDATE_PRODUCT = YES;
			};
			name = Release;
		};
		D943FDAB1B45C19A00539DB7 /* Debug */ = {
			isa = XCBuildConfiguration;
			buildSettings = {
				ASSETCATALOG_COMPILER_APPICON_NAME = AppIcon;
				INFOPLIST_FILE = PixoThreeTabViewXcodeProject/Info.plist;
				LD_RUNPATH_SEARCH_PATHS = "$(inherited) @executable_path/Frameworks";
				PRODUCT_NAME = "$(TARGET_NAME)";
			};
			name = Debug;
		};
		D943FDAC1B45C19A00539DB7 /* Release */ = {
			isa = XCBuildConfiguration;
			buildSettings = {
				ASSETCATALOG_COMPILER_APPICON_NAME = AppIcon;
				INFOPLIST_FILE = PixoThreeTabViewXcodeProject/Info.plist;
				LD_RUNPATH_SEARCH_PATHS = "$(inherited) @executable_path/Frameworks";
				PRODUCT_NAME = "$(TARGET_NAME)";
			};
			name = Release;
		};
		D943FDAE1B45C19A00539DB7 /* Debug */ = {
			isa = XCBuildConfiguration;
			buildSettings = {
				BUNDLE_LOADER = "$(TEST_HOST)";
				FRAMEWORK_SEARCH_PATHS = (
					"$(SDKROOT)/Developer/Library/Frameworks",
					"$(inherited)",
				);
				GCC_PREPROCESSOR_DEFINITIONS = (
					"DEBUG=1",
					"$(inherited)",
				);
				INFOPLIST_FILE = PixoThreeTabViewXcodeProjectTests/Info.plist;
				LD_RUNPATH_SEARCH_PATHS = "$(inherited) @executable_path/Frameworks @loader_path/Frameworks";
				PRODUCT_NAME = "$(TARGET_NAME)";
				TEST_HOST = "$(BUILT_PRODUCTS_DIR)/PixoThreeTabViewXcodeProject.app/PixoThreeTabViewXcodeProject";
			};
			name = Debug;
		};
		D943FDAF1B45C19A00539DB7 /* Release */ = {
			isa = XCBuildConfiguration;
			buildSettings = {
				BUNDLE_LOADER = "$(TEST_HOST)";
				FRAMEWORK_SEARCH_PATHS = (
					"$(SDKROOT)/Developer/Library/Frameworks",
					"$(inherited)",
				);
				INFOPLIST_FILE = PixoThreeTabViewXcodeProjectTests/Info.plist;
				LD_RUNPATH_SEARCH_PATHS = "$(inherited) @executable_path/Frameworks @loader_path/Frameworks";
				PRODUCT_NAME = "$(TARGET_NAME)";
				TEST_HOST = "$(BUILT_PRODUCTS_DIR)/PixoThreeTabViewXcodeProject.app/PixoThreeTabViewXcodeProject";
			};
			name = Release;
		};
/* End XCBuildConfiguration section */

/* Begin XCConfigurationList section */
		D943FD7F1B45C19A00539DB7 /* Build configuration list for PBXProject "PixoThreeTabViewXcodeProject" */ = {
			isa = XCConfigurationList;
			buildConfigurations = (
				D943FDA81B45C19A00539DB7 /* Debug */,
				D943FDA91B45C19A00539DB7 /* Release */,
			);
			defaultConfigurationIsVisible = 0;
			defaultConfigurationName = Release;
		};
		D943FDAA1B45C19A00539DB7 /* Build configuration list for PBXNativeTarget "PixoThreeTabViewXcodeProject" */ = {
			isa = XCConfigurationList;
			buildConfigurations = (
				D943FDAB1B45C19A00539DB7 /* Debug */,
				D943FDAC1B45C19A00539DB7 /* Release */,
			);
			defaultConfigurationIsVisible = 0;
		};
		D943FDAD1B45C19A00539DB7 /* Build configuration list for PBXNativeTarget "PixoThreeTabViewXcodeProjectTests" */ = {
			isa = XCConfigurationList;
			buildConfigurations = (
				D943FDAE1B45C19A00539DB7 /* Debug */,
				D943FDAF1B45C19A00539DB7 /* Release */,
			);
			defaultConfigurationIsVisible = 0;
		};
/* End XCConfigurationList section */
	};
	rootObject = D943FD7C1B45C19A00539DB7 /* Project object */;
}
